
Microsoft Visual Studio Solution File, Format Version 12.00
# Visual Studio 15
VisualStudioVersion = 15.0.28307.329
MinimumVisualStudioVersion = 10.0.40219.1
Project("{FAE04EC0-301F-11D3-BF4B-00C04F79EFBC}") = "Permutations", "Permutations\Permutations.csproj", "{CAE211E7-E48D-4B70-BBED-B510AB035ADC}"
EndProject
Global
	GlobalSection(SolutionConfigurationPlatforms) = preSolution
		Debug|Any CPU = Debug|Any CPU
		Release|Any CPU = Release|Any CPU
	EndGlobalSection
	GlobalSection(ProjectConfigurationPlatforms) = postSolution
		{CAE211E7-E48D-4B70-BBED-B510AB035ADC}.Debug|Any CPU.ActiveCfg = Debug|Any CPU
		{CAE211E7-E48D-4B70-BBED-B510AB035ADC}.Debug|Any CPU.Build.0 = Debug|Any CPU
		{CAE211E7-E48D-4B70-BBED-B510AB035ADC}.Release|Any CPU.ActiveCfg = Release|Any CPU
		{CAE211E7-E48D-4B70-BBED-B510AB035ADC}.Release|Any CPU.Build.0 = Release|Any CPU
	EndGlobalSection
	GlobalSection(SolutionProperties) = preSolution
		HideSolutionNode = FALSE
	EndGlobalSection
	GlobalSection(ExtensibilityGlobals) = postSolution
		SolutionGuid = {1C49A121-D806-409F-9131-881B7CEC6070}
	EndGlobalSection
EndGlobal
